SITE
  remote: http://community.opscode.com/api/v1
  specs:
    apt (1.4.4)
    chef-client (1.1.4)
    chef_handler (1.0.6)
    minitest-handler (0.1.0)
      chef_handler (>= 0.0.0)

GIT
  remote: https://github.com/rafaduran/chef-enviro.git
  ref: master
  sha: 0cc02cbaa0eac4efe5ea7ac3543f586b204d241e
  specs:
    enviro (0.0.1)
      apt (>= 0.0.0)

GIT
  remote: https://github.com/rafaduran/chef-mongodb
  ref: issues/18
  sha: 1fce2732a19016992eaaac59fea94014f9fd8fee
  specs:
    mongodb (0.12.0)
      apt (>= 0.0.0)

DEPENDENCIES
  chef-client (>= 0)
  enviro (>= 0)
  minitest-handler (>= 0)
  mongodb (>= 0)

