SITE
  remote: http://community.opscode.com/api/v1
  specs:
    apt (1.4.8)
    chef-client (1.2.0)
    chef_handler (1.0.8)
    minitest-handler (0.1.2)
      chef_handler (>= 0.0.0)
    yum (0.8.2)

GIT
  remote: https://github.com/rafaduran/chef-enviro.git
  ref: master
  sha: 0cc02cbaa0eac4efe5ea7ac3543f586b204d241e
  specs:
    enviro (0.0.1)
      apt (>= 0.0.0)

GIT
  remote: https://github.com/rafaduran/chef-mongodb
  ref: development
  sha: 57ad84dba6bfc186a994fd85db75374817cb5794
  specs:
    mongodb (0.11.0)
      apt (>= 0.0.0)
      yum (>= 0.0.0)

DEPENDENCIES
  chef-client (>= 0)
  enviro (>= 0)
  minitest-handler (>= 0)
  mongodb (>= 0)
  yum (>= 0)

