SITE
  remote: http://community.opscode.com/api/v1
  specs:
    apt (1.4.4)
    chef-client (1.1.4)

GIT
  remote: https://github.com/rafaduran/chef-mongodb
  ref: issues/18
  sha: e28e56ec5baf066c1c884b8e0b81cac8c9be5d34
  specs:
    mongodb (0.12.0)
      apt (>= 0.0.0)

DEPENDENCIES
  chef-client (>= 0)
  mongodb (>= 0)

